
Microsoft Visual Studio Solution File, Format Version 12.00
# Visual Studio Version 16
VisualStudioVersion = 16.0.31911.196
MinimumVisualStudioVersion = 10.0.40219.1
Project("{FAE04EC0-301F-11D3-BF4B-00C04F79EFBC}") = "Donguler", "Donguler\Donguler.csproj", "{D1F02888-AC39-4B1A-80F4-77B3F734D6CD}"
EndProject
Global
	GlobalSection(SolutionConfigurationPlatforms) = preSolution
		Debug|Any CPU = Debug|Any CPU
		Release|Any CPU = Release|Any CPU
	EndGlobalSection
	GlobalSection(ProjectConfigurationPlatforms) = postSolution
		{D1F02888-AC39-4B1A-80F4-77B3F734D6CD}.Debug|Any CPU.ActiveCfg = Debug|Any CPU
		{D1F02888-AC39-4B1A-80F4-77B3F734D6CD}.Debug|Any CPU.Build.0 = Debug|Any CPU
		{D1F02888-AC39-4B1A-80F4-77B3F734D6CD}.Release|Any CPU.ActiveCfg = Release|Any CPU
		{D1F02888-AC39-4B1A-80F4-77B3F734D6CD}.Release|Any CPU.Build.0 = Release|Any CPU
	EndGlobalSection
	GlobalSection(SolutionProperties) = preSolution
		HideSolutionNode = FALSE
	EndGlobalSection
	GlobalSection(ExtensibilityGlobals) = postSolution
		SolutionGuid = {8676ED46-BD51-4B15-AA38-0A6A76255EFB}
	EndGlobalSection
EndGlobal
